
Microsoft Visual Studio Solution File, Format Version 12.00
# Visual Studio Version 17
VisualStudioVersion = 17.4.33213.308
MinimumVisualStudioVersion = 10.0.40219.1
Project("{9A19103F-16F7-4668-BE54-9A1E7A4F7556}") = "SingleResponsability", "SingleResponsability.csproj", "{573EA0D9-D341-4509-9E8C-C12D02B78D95}"
EndProject
Global
	GlobalSection(SolutionConfigurationPlatforms) = preSolution
		Debug|Any CPU = Debug|Any CPU
		Release|Any CPU = Release|Any CPU
	EndGlobalSection
	GlobalSection(ProjectConfigurationPlatforms) = postSolution
		{573EA0D9-D341-4509-9E8C-C12D02B78D95}.Debug|Any CPU.ActiveCfg = Debug|Any CPU
		{573EA0D9-D341-4509-9E8C-C12D02B78D95}.Debug|Any CPU.Build.0 = Debug|Any CPU
		{573EA0D9-D341-4509-9E8C-C12D02B78D95}.Release|Any CPU.ActiveCfg = Release|Any CPU
		{573EA0D9-D341-4509-9E8C-C12D02B78D95}.Release|Any CPU.Build.0 = Release|Any CPU
	EndGlobalSection
	GlobalSection(SolutionProperties) = preSolution
		HideSolutionNode = FALSE
	EndGlobalSection
	GlobalSection(ExtensibilityGlobals) = postSolution
		SolutionGuid = {032AB127-FB30-49AD-8A9C-FE5BD65E8EBA}
	EndGlobalSection
EndGlobal
